# THIS IS AN AUTOGENERATED FILE. DO NOT EDIT THIS FILE DIRECTLY.
# yarn lockfile v1


scrollama@^2.2.1:
  version "2.2.1"
  resolved "https://registry.yarnpkg.com/scrollama/-/scrollama-2.2.1.tgz#c9f37871388f6866e807b4cd39bcb45d5c3e49fb"
  integrity sha512-Wq880ZLa3G6YSDbV7Bg5thEggo20+UM9qFu9P9ZAZlPmTt/rhIroUNmsZYvO8C5Y0kLp4nwK8S2Zha+bbOFiYg==
